
Microsoft Visual Studio Solution File, Format Version 12.00
# Visual Studio Version 17
VisualStudioVersion = 17.11.35327.3
MinimumVisualStudioVersion = 10.0.40219.1
Project("{FAE04EC0-301F-11D3-BF4B-00C04F79EFBC}") = "Seguimientos.Web", "Seguimientos.Web\Seguimientos.Web.csproj", "{0E961A75-3E06-46BF-805A-1ED689290C7A}"
EndProject
Global
	GlobalSection(SolutionConfigurationPlatforms) = preSolution
		Debug|Any CPU = Debug|Any CPU
		Release|Any CPU = Release|Any CPU
	EndGlobalSection
	GlobalSection(ProjectConfigurationPlatforms) = postSolution
		{0E961A75-3E06-46BF-805A-1ED689290C7A}.Debug|Any CPU.ActiveCfg = Debug|Any CPU
		{0E961A75-3E06-46BF-805A-1ED689290C7A}.Debug|Any CPU.Build.0 = Debug|Any CPU
		{0E961A75-3E06-46BF-805A-1ED689290C7A}.Release|Any CPU.ActiveCfg = Release|Any CPU
		{0E961A75-3E06-46BF-805A-1ED689290C7A}.Release|Any CPU.Build.0 = Release|Any CPU
	EndGlobalSection
	GlobalSection(SolutionProperties) = preSolution
		HideSolutionNode = FALSE
	EndGlobalSection
	GlobalSection(ExtensibilityGlobals) = postSolution
		SolutionGuid = {A987E019-CDBC-4719-AAAF-DA9BE41110EA}
	EndGlobalSection
EndGlobal
